<?xml version="1.0" encoding="utf-8"?>
<Project ToolsVersion="4.0" xmlns="http://schemas.microsoft.com/developer/msbuild/2003">
  <ItemGroup>
    <Filter Include="Fichiers sources">
      <UniqueIdentifier>{4FC737F1-C7A5-4376-A066-2A32D752A2FF}</UniqueIdentifier>
      <Extensions>cpp;c;cc;cxx;def;odl;idl;hpj;bat;asm;asmx</Extensions>
    </Filter>
    <Filter Include="Fichiers d%27en-tête">
      <UniqueIdentifier>{93995380-89BD-4b04-88EB-625FBE52EBFB}</UniqueIdentifier>
      <Extensions>h;hh;hpp;hxx;hm;inl;inc;xsd</Extensions>
    </Filter>
    <Filter Include="Fichiers de ressources">
      <UniqueIdentifier>{67DA6AB6-F800-4c08-8B7A-83BB121AAD01}</UniqueIdentifier>
      <Extensions>rc;ico;cur;bmp;dlg;rc2;rct;bin;rgs;gif;jpg;jpeg;jpe;resx;tiff;tif;png;wav;mfcribbon-ms</Extensions>
    </Filter>
    <Filter Include="classesGraphiques">
      <UniqueIdentifier>{34688eab-b86c-475f-90e5-7061f3be7e19}</UniqueIdentifier>
    </Filter>
    <Filter Include="classesGraphiques\Fichiers sources">
      <UniqueIdentifier>{b1904d17-78a6-4af8-a8e8-96e40516eb09}</UniqueIdentifier>
    </Filter>
    <Filter Include="classesGraphiques\FIchiers d%27en tête">
      <UniqueIdentifier>{debb55ee-ed3c-4658-9195-8c368acd268e}</UniqueIdentifier>
    </Filter>
    <Filter Include="algorithmesIA">
      <UniqueIdentifier>{5c3633fd-949d-41f7-a662-5d8230dfaf27}</UniqueIdentifier>
    </Filter>
    <Filter Include="algorithmesIA\Fichiers sources">
      <UniqueIdentifier>{a8a6584e-ac3e-4c6c-8d52-2b989cda310c}</UniqueIdentifier>
    </Filter>
    <Filter Include="algorithmesIA\Fichiers d%27en tête">
      <UniqueIdentifier>{77f76d04-2552-4dcb-9742-49799c6e9a25}</UniqueIdentifier>
    </Filter>
  </ItemGroup>
  <ItemGroup>
    <ClCompile Include="OthelloMain.cpp">
      <Filter>Fichiers sources</Filter>
    </ClCompile>
    <ClCompile Include="Damier.cpp">
      <Filter>Fichiers sources</Filter>
    </ClCompile>
    <ClCompile Include="Othello.cpp">
      <Filter>Fichiers sources</Filter>
    </ClCompile>
    <ClCompile Include="Partie.cpp">
      <Filter>Fichiers sources</Filter>
    </ClCompile>
    <ClCompile Include="TranspositionTable.cpp">
      <Filter>Fichiers sources</Filter>
    </ClCompile>
    <ClCompile Include="BanqueImage.cpp">
      <Filter>classesGraphiques\Fichiers sources</Filter>
    </ClCompile>
    <ClCompile Include="Plateau.cpp">
      <Filter>classesGraphiques\Fichiers sources</Filter>
    </ClCompile>
    <ClCompile Include="ObjetGraphique.cpp">
      <Filter>classesGraphiques\Fichiers sources</Filter>
    </ClCompile>
    <ClCompile Include="MenuPrincipal.cpp">
      <Filter>classesGraphiques\Fichiers sources</Filter>
    </ClCompile>
    <ClCompile Include="IterativeDeepening.cpp">
      <Filter>algorithmesIA\Fichiers sources</Filter>
    </ClCompile>
    <ClCompile Include="IA_abTT.cpp">
      <Filter>algorithmesIA\Fichiers sources</Filter>
    </ClCompile>
    <ClCompile Include="IA_ab.cpp">
      <Filter>algorithmesIA\Fichiers sources</Filter>
    </ClCompile>
    <ClCompile Include="IA_MTDf.cpp">
      <Filter>algorithmesIA\Fichiers sources</Filter>
    </ClCompile>
    <ClCompile Include="IA_main.cpp">
      <Filter>algorithmesIA\Fichiers sources</Filter>
    </ClCompile>
  </ItemGroup>
  <ItemGroup>
    <ClInclude Include="Damier.h">
      <Filter>Fichiers d%27en-tête</Filter>
    </ClInclude>
    <ClInclude Include="Othello.h">
      <Filter>Fichiers d%27en-tête</Filter>
    </ClInclude>
    <ClInclude Include="Partie.h">
      <Filter>Fichiers d%27en-tête</Filter>
    </ClInclude>
    <ClInclude Include="TranspositionTable.h">
      <Filter>Fichiers d%27en-tête</Filter>
    </ClInclude>
    <ClInclude Include="Consts.h">
      <Filter>Fichiers d%27en-tête</Filter>
    </ClInclude>
    <ClInclude Include="BanqueImage.h">
      <Filter>classesGraphiques\FIchiers d%27en tête</Filter>
    </ClInclude>
    <ClInclude Include="Bouton.h">
      <Filter>classesGraphiques\FIchiers d%27en tête</Filter>
    </ClInclude>
    <ClInclude Include="Plateau.h">
      <Filter>classesGraphiques\FIchiers d%27en tête</Filter>
    </ClInclude>
    <ClInclude Include="ObjetGraphique.h">
      <Filter>classesGraphiques\FIchiers d%27en tête</Filter>
    </ClInclude>
    <ClInclude Include="MenuPrincipal.h">
      <Filter>classesGraphiques\FIchiers d%27en tête</Filter>
    </ClInclude>
    <ClInclude Include="IterativeDeepening.h">
      <Filter>algorithmesIA\Fichiers d%27en tête</Filter>
    </ClInclude>
    <ClInclude Include="IA_MTDf.h">
      <Filter>algorithmesIA\Fichiers d%27en tête</Filter>
    </ClInclude>
    <ClInclude Include="IA_abTT.h">
      <Filter>algorithmesIA\Fichiers d%27en tête</Filter>
    </ClInclude>
    <ClInclude Include="IA_main.h">
      <Filter>algorithmesIA\Fichiers d%27en tête</Filter>
    </ClInclude>
    <ClInclude Include="IA_ab.h">
      <Filter>algorithmesIA\Fichiers d%27en tête</Filter>
    </ClInclude>
    <ClInclude Include="dirent.h">
      <Filter>Fichiers d%27en-tête</Filter>
    </ClInclude>
  </ItemGroup>
</Project>